{
  "name": "@zimtsui/cache",
  "lockfileVersion": 3,
  "requires": true,
  "packages": {
    "": {
      "name": "@zimtsui/cache",
      "dependencies": {
        "immutable": "^5.1.4"
      },
      "engines": {
        "node": ">=22"
      },
      "version": "0.0.2"
    },
    "node_modules/immutable": {
      "version": "5.1.4",
      "resolved": "https://registry.npmmirror.com/immutable/-/immutable-5.1.4.tgz",
      "integrity": "sha512-p6u1bG3YSnINT5RQmx/yRZBpenIl30kVxkTLDyHLIMk0gict704Q9n+thfDI7lTRm9vXdDYutVzXhzcThxTnXA==",
      "license": "MIT"
    }
  },
  "version": "0.0.2"
}
